
Microsoft Visual Studio Solution File, Format Version 12.00
# Visual Studio Version 17
VisualStudioVersion = 17.13.35818.85
MinimumVisualStudioVersion = 10.0.40219.1
Project("{FAE04EC0-301F-11D3-BF4B-00C04F79EFBC}") = "InternetConnectionChecker", "ConsoleApp1\InternetConnectionChecker.csproj", "{BB6FC76C-CF18-454E-B019-ACE16AC01304}"
EndProject
Global
	GlobalSection(SolutionConfigurationPlatforms) = preSolution
		Debug|Any CPU = Debug|Any CPU
		Release|Any CPU = Release|Any CPU
	EndGlobalSection
	GlobalSection(ProjectConfigurationPlatforms) = postSolution
		{BB6FC76C-CF18-454E-B019-ACE16AC01304}.Debug|Any CPU.ActiveCfg = Debug|Any CPU
		{BB6FC76C-CF18-454E-B019-ACE16AC01304}.Debug|Any CPU.Build.0 = Debug|Any CPU
		{BB6FC76C-CF18-454E-B019-ACE16AC01304}.Release|Any CPU.ActiveCfg = Release|Any CPU
		{BB6FC76C-CF18-454E-B019-ACE16AC01304}.Release|Any CPU.Build.0 = Release|Any CPU
	EndGlobalSection
	GlobalSection(SolutionProperties) = preSolution
		HideSolutionNode = FALSE
	EndGlobalSection
	GlobalSection(ExtensibilityGlobals) = postSolution
		SolutionGuid = {B5177571-CFEB-4206-9C85-F94B020FD593}
	EndGlobalSection
EndGlobal
